
Microsoft Visual Studio Solution File, Format Version 12.00
# Visual Studio 15
VisualStudioVersion = 15.0.28010.2036
MinimumVisualStudioVersion = 10.0.40219.1
Project("{8BC9CEB8-8B4A-11D0-8D11-00A0C91BC942}") = "OpenGL", "OpenGL\OpenGL.vcxproj", "{F2D53EF1-F570-4D9A-B711-D2058EBF4630}"
EndProject
Global
	GlobalSection(SolutionConfigurationPlatforms) = preSolution
		Debug|x64 = Debug|x64
		Debug|x86 = Debug|x86
		Release|x64 = Release|x64
		Release|x86 = Release|x86
	EndGlobalSection
	GlobalSection(ProjectConfigurationPlatforms) = postSolution
		{F2D53EF1-F570-4D9A-B711-D2058EBF4630}.Debug|x64.ActiveCfg = Debug|x64
		{F2D53EF1-F570-4D9A-B711-D2058EBF4630}.Debug|x64.Build.0 = Debug|x64
		{F2D53EF1-F570-4D9A-B711-D2058EBF4630}.Debug|x86.ActiveCfg = Debug|Win32
		{F2D53EF1-F570-4D9A-B711-D2058EBF4630}.Debug|x86.Build.0 = Debug|Win32
		{F2D53EF1-F570-4D9A-B711-D2058EBF4630}.Release|x64.ActiveCfg = Release|x64
		{F2D53EF1-F570-4D9A-B711-D2058EBF4630}.Release|x64.Build.0 = Release|x64
		{F2D53EF1-F570-4D9A-B711-D2058EBF4630}.Release|x86.ActiveCfg = Release|Win32
		{F2D53EF1-F570-4D9A-B711-D2058EBF4630}.Release|x86.Build.0 = Release|Win32
	EndGlobalSection
	GlobalSection(SolutionProperties) = preSolution
		HideSolutionNode = FALSE
	EndGlobalSection
	GlobalSection(ExtensibilityGlobals) = postSolution
		SolutionGuid = {A2AF173A-9B02-491B-8E70-D2F20E9F73CC}
	EndGlobalSection
EndGlobal
